
Microsoft Visual Studio Solution File, Format Version 12.00
# Visual Studio Version 16
VisualStudioVersion = 16.0.32228.343
MinimumVisualStudioVersion = 10.0.40219.1
Project("{9A19103F-16F7-4668-BE54-9A1E7A4F7556}") = "dpmApi", "dpmApi\dpmApi.csproj", "{0068049D-BD89-48D4-9A09-6A2A41737214}"
EndProject
Project("{00D1A9C2-B5F0-4AF3-8072-F6C62B433612}") = "DpmDatabase", "Database\DpmDatabase.sqlproj", "{8F241FAD-E9D5-4693-AA79-A78350275E18}"
EndProject
Project("{9A19103F-16F7-4668-BE54-9A1E7A4F7556}") = "DAL", "DAL\DAL.csproj", "{D5622023-848D-45EC-A22B-D7A0A6F9D4C5}"
EndProject
Global
	GlobalSection(SolutionConfigurationPlatforms) = preSolution
		Debug|Any CPU = Debug|Any CPU
		Release|Any CPU = Release|Any CPU
	EndGlobalSection
	GlobalSection(ProjectConfigurationPlatforms) = postSolution
		{0068049D-BD89-48D4-9A09-6A2A41737214}.Debug|Any CPU.ActiveCfg = Debug|Any CPU
		{0068049D-BD89-48D4-9A09-6A2A41737214}.Debug|Any CPU.Build.0 = Debug|Any CPU
		{0068049D-BD89-48D4-9A09-6A2A41737214}.Release|Any CPU.ActiveCfg = Release|Any CPU
		{0068049D-BD89-48D4-9A09-6A2A41737214}.Release|Any CPU.Build.0 = Release|Any CPU
		{8F241FAD-E9D5-4693-AA79-A78350275E18}.Debug|Any CPU.ActiveCfg = Debug|Any CPU
		{8F241FAD-E9D5-4693-AA79-A78350275E18}.Debug|Any CPU.Build.0 = Debug|Any CPU
		{8F241FAD-E9D5-4693-AA79-A78350275E18}.Debug|Any CPU.Deploy.0 = Debug|Any CPU
		{8F241FAD-E9D5-4693-AA79-A78350275E18}.Release|Any CPU.ActiveCfg = Release|Any CPU
		{8F241FAD-E9D5-4693-AA79-A78350275E18}.Release|Any CPU.Build.0 = Release|Any CPU
		{8F241FAD-E9D5-4693-AA79-A78350275E18}.Release|Any CPU.Deploy.0 = Release|Any CPU
		{D5622023-848D-45EC-A22B-D7A0A6F9D4C5}.Debug|Any CPU.ActiveCfg = Debug|Any CPU
		{D5622023-848D-45EC-A22B-D7A0A6F9D4C5}.Debug|Any CPU.Build.0 = Debug|Any CPU
		{D5622023-848D-45EC-A22B-D7A0A6F9D4C5}.Release|Any CPU.ActiveCfg = Release|Any CPU
		{D5622023-848D-45EC-A22B-D7A0A6F9D4C5}.Release|Any CPU.Build.0 = Release|Any CPU
	EndGlobalSection
	GlobalSection(SolutionProperties) = preSolution
		HideSolutionNode = FALSE
	EndGlobalSection
	GlobalSection(ExtensibilityGlobals) = postSolution
		SolutionGuid = {A96DB35A-D165-49BF-9691-9FBF76F07BAC}
	EndGlobalSection
EndGlobal
